
Microsoft Visual Studio Solution File, Format Version 12.00
Project("{FAE04EC0-301F-11D3-BF4B-00C04F79EFBC}") = "N_001_Thread_Join", "N_001_Thread_Join\N_001_Thread_Join.csproj", "{DFD64E38-8715-4A2A-9954-2AB8117B4F5C}"
EndProject
Project("{FAE04EC0-301F-11D3-BF4B-00C04F79EFBC}") = "N_002_Thread_Join", "N_002_Thread_Join\N_002_Thread_Join.csproj", "{0D25D612-DC8B-4B6A-9825-B5771CDB5FB0}"
EndProject
Project("{FAE04EC0-301F-11D3-BF4B-00C04F79EFBC}") = "N_003_Thread", "N_003_Thread\N_003_Thread.csproj", "{D811DA8E-74AE-478D-AF5F-09A94F2F2E37}"
EndProject
Project("{FAE04EC0-301F-11D3-BF4B-00C04F79EFBC}") = "N_004_Thread_Abort", "N_004_Thread_Abort\N_004_Thread_Abort.csproj", "{3352DDCF-9BB7-4B7A-BF62-78C976B0F21E}"
EndProject
Project("{FAE04EC0-301F-11D3-BF4B-00C04F79EFBC}") = "N_004_Thread_Abort_02_CancellationToken", "N_004_Thread_Abort_02_CancellationToken\N_004_Thread_Abort_02_CancellationToken.csproj", "{5B8E5979-07FB-4C82-9473-97754D2CBB30}"
EndProject
Project("{FAE04EC0-301F-11D3-BF4B-00C04F79EFBC}") = "N_004_Thread_Abort_03_OperationCanceledException", "N_004_Thread_Abort_03_OperationCanceledException\N_004_Thread_Abort_03_OperationCanceledException.csproj", "{01AB4E17-25A8-48FE-B0A0-71AB7452C079}"
EndProject
Global
	GlobalSection(SolutionConfigurationPlatforms) = preSolution
		Debug|Any CPU = Debug|Any CPU
		Release|Any CPU = Release|Any CPU
	EndGlobalSection
	GlobalSection(ProjectConfigurationPlatforms) = postSolution
		{DFD64E38-8715-4A2A-9954-2AB8117B4F5C}.Debug|Any CPU.ActiveCfg = Debug|Any CPU
		{DFD64E38-8715-4A2A-9954-2AB8117B4F5C}.Debug|Any CPU.Build.0 = Debug|Any CPU
		{DFD64E38-8715-4A2A-9954-2AB8117B4F5C}.Release|Any CPU.ActiveCfg = Release|Any CPU
		{DFD64E38-8715-4A2A-9954-2AB8117B4F5C}.Release|Any CPU.Build.0 = Release|Any CPU
		{0D25D612-DC8B-4B6A-9825-B5771CDB5FB0}.Debug|Any CPU.ActiveCfg = Debug|Any CPU
		{0D25D612-DC8B-4B6A-9825-B5771CDB5FB0}.Debug|Any CPU.Build.0 = Debug|Any CPU
		{0D25D612-DC8B-4B6A-9825-B5771CDB5FB0}.Release|Any CPU.ActiveCfg = Release|Any CPU
		{0D25D612-DC8B-4B6A-9825-B5771CDB5FB0}.Release|Any CPU.Build.0 = Release|Any CPU
		{D811DA8E-74AE-478D-AF5F-09A94F2F2E37}.Debug|Any CPU.ActiveCfg = Debug|Any CPU
		{D811DA8E-74AE-478D-AF5F-09A94F2F2E37}.Debug|Any CPU.Build.0 = Debug|Any CPU
		{D811DA8E-74AE-478D-AF5F-09A94F2F2E37}.Release|Any CPU.ActiveCfg = Release|Any CPU
		{D811DA8E-74AE-478D-AF5F-09A94F2F2E37}.Release|Any CPU.Build.0 = Release|Any CPU
		{3352DDCF-9BB7-4B7A-BF62-78C976B0F21E}.Debug|Any CPU.ActiveCfg = Debug|Any CPU
		{3352DDCF-9BB7-4B7A-BF62-78C976B0F21E}.Debug|Any CPU.Build.0 = Debug|Any CPU
		{3352DDCF-9BB7-4B7A-BF62-78C976B0F21E}.Release|Any CPU.ActiveCfg = Release|Any CPU
		{3352DDCF-9BB7-4B7A-BF62-78C976B0F21E}.Release|Any CPU.Build.0 = Release|Any CPU
		{5B8E5979-07FB-4C82-9473-97754D2CBB30}.Debug|Any CPU.ActiveCfg = Debug|Any CPU
		{5B8E5979-07FB-4C82-9473-97754D2CBB30}.Debug|Any CPU.Build.0 = Debug|Any CPU
		{5B8E5979-07FB-4C82-9473-97754D2CBB30}.Release|Any CPU.ActiveCfg = Release|Any CPU
		{5B8E5979-07FB-4C82-9473-97754D2CBB30}.Release|Any CPU.Build.0 = Release|Any CPU
		{01AB4E17-25A8-48FE-B0A0-71AB7452C079}.Debug|Any CPU.ActiveCfg = Debug|Any CPU
		{01AB4E17-25A8-48FE-B0A0-71AB7452C079}.Debug|Any CPU.Build.0 = Debug|Any CPU
		{01AB4E17-25A8-48FE-B0A0-71AB7452C079}.Release|Any CPU.ActiveCfg = Release|Any CPU
		{01AB4E17-25A8-48FE-B0A0-71AB7452C079}.Release|Any CPU.Build.0 = Release|Any CPU
	EndGlobalSection
EndGlobal
